
Microsoft Visual Studio Solution File, Format Version 12.00
# Visual Studio Version 17
VisualStudioVersion = 17.5.002.0
MinimumVisualStudioVersion = 10.0.40219.1
Project("{2150E333-8FDC-42A3-9474-1A3956D46DE8}") = "prepare", "prepare", "{96877E8F-4D33-459F-AAFF-57FBFC078199}"
EndProject
Project("{9A19103F-16F7-4668-BE54-9A1E7A4F7556}") = "Learning02", "prepare\Learning02\Learning02.csproj", "{514529A2-14A0-4C8B-9C6A-34D292B9927C}"
EndProject
Project("{9A19103F-16F7-4668-BE54-9A1E7A4F7556}") = "Learning05", "prepare\Learning05\Learning05.csproj", "{C872BF88-E942-421C-B216-0762287F4EDE}"
EndProject
Project("{9A19103F-16F7-4668-BE54-9A1E7A4F7556}") = "Learning04", "prepare\Learning04\Learning04.csproj", "{F024DF0D-1A2C-48D3-8F06-91CDA3BA39DC}"
EndProject
Project("{9A19103F-16F7-4668-BE54-9A1E7A4F7556}") = "Learning03", "prepare\Learning03\Learning03.csproj", "{C23B5233-0470-4519-823F-38964510ECC7}"
EndProject
Project("{2150E333-8FDC-42A3-9474-1A3956D46DE8}") = "prove", "prove", "{A11036F0-80CE-48AF-A994-680495BBCB5B}"
EndProject
Project("{9A19103F-16F7-4668-BE54-9A1E7A4F7556}") = "Develop03", "prove\Develop03\Develop03.csproj", "{F24E4C01-E4A5-4D6F-9B54-5DEDA93E4F89}"
EndProject
Project("{9A19103F-16F7-4668-BE54-9A1E7A4F7556}") = "Develop04", "prove\Develop04\Develop04.csproj", "{B428E5C9-D741-4A72-8EE0-1F16AE95FAAD}"
EndProject
Project("{9A19103F-16F7-4668-BE54-9A1E7A4F7556}") = "Develop05", "prove\Develop05\Develop05.csproj", "{6E81E342-C9EA-47B0-B435-2A16A3BC6F42}"
EndProject
Project("{9A19103F-16F7-4668-BE54-9A1E7A4F7556}") = "Develop02", "prove\Develop02\Develop02.csproj", "{7CDF3A1D-F5D7-4A86-B3B8-6EEC3986F1D9}"
EndProject
Project("{2150E333-8FDC-42A3-9474-1A3956D46DE8}") = "sandbox", "sandbox", "{C1C6670A-C55A-4944-83DB-3B4301FEC29C}"
EndProject
Project("{9A19103F-16F7-4668-BE54-9A1E7A4F7556}") = "Sandbox", "sandbox\Sandbox\Sandbox.csproj", "{D3E9FCF7-31CC-42FC-9E6A-0782D7830E14}"
EndProject
Project("{2150E333-8FDC-42A3-9474-1A3956D46DE8}") = "final", "final", "{B4754DFE-A02B-4422-9B27-4BB00F66DE1D}"
EndProject
Project("{9A19103F-16F7-4668-BE54-9A1E7A4F7556}") = "FinalProject", "final\FinalProject\FinalProject.csproj", "{01142EA1-E840-4163-BC8C-B2F3AB513F42}"
EndProject
Project("{9A19103F-16F7-4668-BE54-9A1E7A4F7556}") = "Foundation1", "final\Foundation1\Foundation1.csproj", "{9E98D07D-5191-4F35-A956-2250E55562AF}"
EndProject
Project("{9A19103F-16F7-4668-BE54-9A1E7A4F7556}") = "Foundation4", "final\Foundation4\Foundation4.csproj", "{C0449E4A-C024-4DF0-9E5A-977E8D2AB2D9}"
EndProject
Project("{9A19103F-16F7-4668-BE54-9A1E7A4F7556}") = "Foundation3", "final\Foundation3\Foundation3.csproj", "{24B68983-B650-4859-B4D9-A61B3B08F16F}"
EndProject
Project("{9A19103F-16F7-4668-BE54-9A1E7A4F7556}") = "Foundation2", "final\Foundation2\Foundation2.csproj", "{88F916C1-ADD2-4D5F-BC62-8AE48BCC8339}"
EndProject
Project("{2150E333-8FDC-42A3-9474-1A3956D46DE8}") = "csharp-prep", "csharp-prep", "{21D7C60F-32FD-4558-90AE-1C3188396986}"
EndProject
Project("{9A19103F-16F7-4668-BE54-9A1E7A4F7556}") = "Prep1", "csharp-prep\Prep1\Prep1.csproj", "{CCDCA9D2-B3C2-4DAC-BB2B-6D83FAE1C6B6}"
EndProject
Project("{9A19103F-16F7-4668-BE54-9A1E7A4F7556}") = "Prep5", "csharp-prep\Prep5\Prep5.csproj", "{DDDA5953-879C-4855-B39A-3A13FDDB7AF5}"
EndProject
Project("{9A19103F-16F7-4668-BE54-9A1E7A4F7556}") = "Prep2", "csharp-prep\Prep2\Prep2.csproj", "{8A7D1FFC-4D56-4F56-B7B4-5163B3C9E25A}"
EndProject
Project("{9A19103F-16F7-4668-BE54-9A1E7A4F7556}") = "Prep3", "csharp-prep\Prep3\Prep3.csproj", "{6B327ED9-0C3F-41DE-89C2-F41C393EFA42}"
EndProject
Project("{9A19103F-16F7-4668-BE54-9A1E7A4F7556}") = "Prep4", "csharp-prep\Prep4\Prep4.csproj", "{BC23ECBE-15BC-4FCA-853F-1145D5C66C31}"
EndProject
Global
	GlobalSection(SolutionConfigurationPlatforms) = preSolution
		Debug|Any CPU = Debug|Any CPU
		Release|Any CPU = Release|Any CPU
	EndGlobalSection
	GlobalSection(ProjectConfigurationPlatforms) = postSolution
		{514529A2-14A0-4C8B-9C6A-34D292B9927C}.Debug|Any CPU.ActiveCfg = Debug|Any CPU
		{514529A2-14A0-4C8B-9C6A-34D292B9927C}.Debug|Any CPU.Build.0 = Debug|Any CPU
		{514529A2-14A0-4C8B-9C6A-34D292B9927C}.Release|Any CPU.ActiveCfg = Release|Any CPU
		{514529A2-14A0-4C8B-9C6A-34D292B9927C}.Release|Any CPU.Build.0 = Release|Any CPU
		{C872BF88-E942-421C-B216-0762287F4EDE}.Debug|Any CPU.ActiveCfg = Debug|Any CPU
		{C872BF88-E942-421C-B216-0762287F4EDE}.Debug|Any CPU.Build.0 = Debug|Any CPU
		{C872BF88-E942-421C-B216-0762287F4EDE}.Release|Any CPU.ActiveCfg = Release|Any CPU
		{C872BF88-E942-421C-B216-0762287F4EDE}.Release|Any CPU.Build.0 = Release|Any CPU
		{F024DF0D-1A2C-48D3-8F06-91CDA3BA39DC}.Debug|Any CPU.ActiveCfg = Debug|Any CPU
		{F024DF0D-1A2C-48D3-8F06-91CDA3BA39DC}.Debug|Any CPU.Build.0 = Debug|Any CPU
		{F024DF0D-1A2C-48D3-8F06-91CDA3BA39DC}.Release|Any CPU.ActiveCfg = Release|Any CPU
		{F024DF0D-1A2C-48D3-8F06-91CDA3BA39DC}.Release|Any CPU.Build.0 = Release|Any CPU
		{C23B5233-0470-4519-823F-38964510ECC7}.Debug|Any CPU.ActiveCfg = Debug|Any CPU
		{C23B5233-0470-4519-823F-38964510ECC7}.Debug|Any CPU.Build.0 = Debug|Any CPU
		{C23B5233-0470-4519-823F-38964510ECC7}.Release|Any CPU.ActiveCfg = Release|Any CPU
		{C23B5233-0470-4519-823F-38964510ECC7}.Release|Any CPU.Build.0 = Release|Any CPU
		{F24E4C01-E4A5-4D6F-9B54-5DEDA93E4F89}.Debug|Any CPU.ActiveCfg = Debug|Any CPU
		{F24E4C01-E4A5-4D6F-9B54-5DEDA93E4F89}.Debug|Any CPU.Build.0 = Debug|Any CPU
		{F24E4C01-E4A5-4D6F-9B54-5DEDA93E4F89}.Release|Any CPU.ActiveCfg = Release|Any CPU
		{F24E4C01-E4A5-4D6F-9B54-5DEDA93E4F89}.Release|Any CPU.Build.0 = Release|Any CPU
		{B428E5C9-D741-4A72-8EE0-1F16AE95FAAD}.Debug|Any CPU.ActiveCfg = Debug|Any CPU
		{B428E5C9-D741-4A72-8EE0-1F16AE95FAAD}.Debug|Any CPU.Build.0 = Debug|Any CPU
		{B428E5C9-D741-4A72-8EE0-1F16AE95FAAD}.Release|Any CPU.ActiveCfg = Release|Any CPU
		{B428E5C9-D741-4A72-8EE0-1F16AE95FAAD}.Release|Any CPU.Build.0 = Release|Any CPU
		{6E81E342-C9EA-47B0-B435-2A16A3BC6F42}.Debug|Any CPU.ActiveCfg = Debug|Any CPU
		{6E81E342-C9EA-47B0-B435-2A16A3BC6F42}.Debug|Any CPU.Build.0 = Debug|Any CPU
		{6E81E342-C9EA-47B0-B435-2A16A3BC6F42}.Release|Any CPU.ActiveCfg = Release|Any CPU
		{6E81E342-C9EA-47B0-B435-2A16A3BC6F42}.Release|Any CPU.Build.0 = Release|Any CPU
		{7CDF3A1D-F5D7-4A86-B3B8-6EEC3986F1D9}.Debug|Any CPU.ActiveCfg = Debug|Any CPU
		{7CDF3A1D-F5D7-4A86-B3B8-6EEC3986F1D9}.Debug|Any CPU.Build.0 = Debug|Any CPU
		{7CDF3A1D-F5D7-4A86-B3B8-6EEC3986F1D9}.Release|Any CPU.ActiveCfg = Release|Any CPU
		{7CDF3A1D-F5D7-4A86-B3B8-6EEC3986F1D9}.Release|Any CPU.Build.0 = Release|Any CPU
		{D3E9FCF7-31CC-42FC-9E6A-0782D7830E14}.Debug|Any CPU.ActiveCfg = Debug|Any CPU
		{D3E9FCF7-31CC-42FC-9E6A-0782D7830E14}.Debug|Any CPU.Build.0 = Debug|Any CPU
		{D3E9FCF7-31CC-42FC-9E6A-0782D7830E14}.Release|Any CPU.ActiveCfg = Release|Any CPU
		{D3E9FCF7-31CC-42FC-9E6A-0782D7830E14}.Release|Any CPU.Build.0 = Release|Any CPU
		{01142EA1-E840-4163-BC8C-B2F3AB513F42}.Debug|Any CPU.ActiveCfg = Debug|Any CPU
		{01142EA1-E840-4163-BC8C-B2F3AB513F42}.Debug|Any CPU.Build.0 = Debug|Any CPU
		{01142EA1-E840-4163-BC8C-B2F3AB513F42}.Release|Any CPU.ActiveCfg = Release|Any CPU
		{01142EA1-E840-4163-BC8C-B2F3AB513F42}.Release|Any CPU.Build.0 = Release|Any CPU
		{9E98D07D-5191-4F35-A956-2250E55562AF}.Debug|Any CPU.ActiveCfg = Debug|Any CPU
		{9E98D07D-5191-4F35-A956-2250E55562AF}.Debug|Any CPU.Build.0 = Debug|Any CPU
		{9E98D07D-5191-4F35-A956-2250E55562AF}.Release|Any CPU.ActiveCfg = Release|Any CPU
		{9E98D07D-5191-4F35-A956-2250E55562AF}.Release|Any CPU.Build.0 = Release|Any CPU
		{C0449E4A-C024-4DF0-9E5A-977E8D2AB2D9}.Debug|Any CPU.ActiveCfg = Debug|Any CPU
		{C0449E4A-C024-4DF0-9E5A-977E8D2AB2D9}.Debug|Any CPU.Build.0 = Debug|Any CPU
		{C0449E4A-C024-4DF0-9E5A-977E8D2AB2D9}.Release|Any CPU.ActiveCfg = Release|Any CPU
		{C0449E4A-C024-4DF0-9E5A-977E8D2AB2D9}.Release|Any CPU.Build.0 = Release|Any CPU
		{24B68983-B650-4859-B4D9-A61B3B08F16F}.Debug|Any CPU.ActiveCfg = Debug|Any CPU
		{24B68983-B650-4859-B4D9-A61B3B08F16F}.Debug|Any CPU.Build.0 = Debug|Any CPU
		{24B68983-B650-4859-B4D9-A61B3B08F16F}.Release|Any CPU.ActiveCfg = Release|Any CPU
		{24B68983-B650-4859-B4D9-A61B3B08F16F}.Release|Any CPU.Build.0 = Release|Any CPU
		{88F916C1-ADD2-4D5F-BC62-8AE48BCC8339}.Debug|Any CPU.ActiveCfg = Debug|Any CPU
		{88F916C1-ADD2-4D5F-BC62-8AE48BCC8339}.Debug|Any CPU.Build.0 = Debug|Any CPU
		{88F916C1-ADD2-4D5F-BC62-8AE48BCC8339}.Release|Any CPU.ActiveCfg = Release|Any CPU
		{88F916C1-ADD2-4D5F-BC62-8AE48BCC8339}.Release|Any CPU.Build.0 = Release|Any CPU
		{CCDCA9D2-B3C2-4DAC-BB2B-6D83FAE1C6B6}.Debug|Any CPU.ActiveCfg = Debug|Any CPU
		{CCDCA9D2-B3C2-4DAC-BB2B-6D83FAE1C6B6}.Debug|Any CPU.Build.0 = Debug|Any CPU
		{CCDCA9D2-B3C2-4DAC-BB2B-6D83FAE1C6B6}.Release|Any CPU.ActiveCfg = Release|Any CPU
		{CCDCA9D2-B3C2-4DAC-BB2B-6D83FAE1C6B6}.Release|Any CPU.Build.0 = Release|Any CPU
		{DDDA5953-879C-4855-B39A-3A13FDDB7AF5}.Debug|Any CPU.ActiveCfg = Debug|Any CPU
		{DDDA5953-879C-4855-B39A-3A13FDDB7AF5}.Debug|Any CPU.Build.0 = Debug|Any CPU
		{DDDA5953-879C-4855-B39A-3A13FDDB7AF5}.Release|Any CPU.ActiveCfg = Release|Any CPU
		{DDDA5953-879C-4855-B39A-3A13FDDB7AF5}.Release|Any CPU.Build.0 = Release|Any CPU
		{8A7D1FFC-4D56-4F56-B7B4-5163B3C9E25A}.Debug|Any CPU.ActiveCfg = Debug|Any CPU
		{8A7D1FFC-4D56-4F56-B7B4-5163B3C9E25A}.Debug|Any CPU.Build.0 = Debug|Any CPU
		{8A7D1FFC-4D56-4F56-B7B4-5163B3C9E25A}.Release|Any CPU.ActiveCfg = Release|Any CPU
		{8A7D1FFC-4D56-4F56-B7B4-5163B3C9E25A}.Release|Any CPU.Build.0 = Release|Any CPU
		{6B327ED9-0C3F-41DE-89C2-F41C393EFA42}.Debug|Any CPU.ActiveCfg = Debug|Any CPU
		{6B327ED9-0C3F-41DE-89C2-F41C393EFA42}.Debug|Any CPU.Build.0 = Debug|Any CPU
		{6B327ED9-0C3F-41DE-89C2-F41C393EFA42}.Release|Any CPU.ActiveCfg = Release|Any CPU
		{6B327ED9-0C3F-41DE-89C2-F41C393EFA42}.Release|Any CPU.Build.0 = Release|Any CPU
		{BC23ECBE-15BC-4FCA-853F-1145D5C66C31}.Debug|Any CPU.ActiveCfg = Debug|Any CPU
		{BC23ECBE-15BC-4FCA-853F-1145D5C66C31}.Debug|Any CPU.Build.0 = Debug|Any CPU
		{BC23ECBE-15BC-4FCA-853F-1145D5C66C31}.Release|Any CPU.ActiveCfg = Release|Any CPU
		{BC23ECBE-15BC-4FCA-853F-1145D5C66C31}.Release|Any CPU.Build.0 = Release|Any CPU
	EndGlobalSection
	GlobalSection(SolutionProperties) = preSolution
		HideSolutionNode = FALSE
	EndGlobalSection
	GlobalSection(NestedProjects) = preSolution
		{514529A2-14A0-4C8B-9C6A-34D292B9927C} = {96877E8F-4D33-459F-AAFF-57FBFC078199}
		{C872BF88-E942-421C-B216-0762287F4EDE} = {96877E8F-4D33-459F-AAFF-57FBFC078199}
		{F024DF0D-1A2C-48D3-8F06-91CDA3BA39DC} = {96877E8F-4D33-459F-AAFF-57FBFC078199}
		{C23B5233-0470-4519-823F-38964510ECC7} = {96877E8F-4D33-459F-AAFF-57FBFC078199}
		{F24E4C01-E4A5-4D6F-9B54-5DEDA93E4F89} = {A11036F0-80CE-48AF-A994-680495BBCB5B}
		{B428E5C9-D741-4A72-8EE0-1F16AE95FAAD} = {A11036F0-80CE-48AF-A994-680495BBCB5B}
		{6E81E342-C9EA-47B0-B435-2A16A3BC6F42} = {A11036F0-80CE-48AF-A994-680495BBCB5B}
		{7CDF3A1D-F5D7-4A86-B3B8-6EEC3986F1D9} = {A11036F0-80CE-48AF-A994-680495BBCB5B}
		{D3E9FCF7-31CC-42FC-9E6A-0782D7830E14} = {C1C6670A-C55A-4944-83DB-3B4301FEC29C}
		{01142EA1-E840-4163-BC8C-B2F3AB513F42} = {B4754DFE-A02B-4422-9B27-4BB00F66DE1D}
		{9E98D07D-5191-4F35-A956-2250E55562AF} = {B4754DFE-A02B-4422-9B27-4BB00F66DE1D}
		{C0449E4A-C024-4DF0-9E5A-977E8D2AB2D9} = {B4754DFE-A02B-4422-9B27-4BB00F66DE1D}
		{24B68983-B650-4859-B4D9-A61B3B08F16F} = {B4754DFE-A02B-4422-9B27-4BB00F66DE1D}
		{88F916C1-ADD2-4D5F-BC62-8AE48BCC8339} = {B4754DFE-A02B-4422-9B27-4BB00F66DE1D}
		{CCDCA9D2-B3C2-4DAC-BB2B-6D83FAE1C6B6} = {21D7C60F-32FD-4558-90AE-1C3188396986}
		{DDDA5953-879C-4855-B39A-3A13FDDB7AF5} = {21D7C60F-32FD-4558-90AE-1C3188396986}
		{8A7D1FFC-4D56-4F56-B7B4-5163B3C9E25A} = {21D7C60F-32FD-4558-90AE-1C3188396986}
		{6B327ED9-0C3F-41DE-89C2-F41C393EFA42} = {21D7C60F-32FD-4558-90AE-1C3188396986}
		{BC23ECBE-15BC-4FCA-853F-1145D5C66C31} = {21D7C60F-32FD-4558-90AE-1C3188396986}
	EndGlobalSection
	GlobalSection(ExtensibilityGlobals) = postSolution
		SolutionGuid = {70081419-C006-4543-ADC7-FD4A87E9B48B}
	EndGlobalSection
EndGlobal
